
Microsoft Visual Studio Solution File, Format Version 12.00
# Visual Studio Version 16
VisualStudioVersion = 16.0.30611.23
MinimumVisualStudioVersion = 10.0.40219.1
Project("{FAE04EC0-301F-11D3-BF4B-00C04F79EFBC}") = "NewSLHS", "NewSLHS\NewSLHS.csproj", "{D089A1A7-AC06-4057-A04D-1FC9CB9066FD}"
EndProject
Global
	GlobalSection(SolutionConfigurationPlatforms) = preSolution
		Debug|Any CPU = Debug|Any CPU
		Release|Any CPU = Release|Any CPU
	EndGlobalSection
	GlobalSection(ProjectConfigurationPlatforms) = postSolution
		{D089A1A7-AC06-4057-A04D-1FC9CB9066FD}.Debug|Any CPU.ActiveCfg = Debug|Any CPU
		{D089A1A7-AC06-4057-A04D-1FC9CB9066FD}.Debug|Any CPU.Build.0 = Debug|Any CPU
		{D089A1A7-AC06-4057-A04D-1FC9CB9066FD}.Release|Any CPU.ActiveCfg = Release|Any CPU
		{D089A1A7-AC06-4057-A04D-1FC9CB9066FD}.Release|Any CPU.Build.0 = Release|Any CPU
	EndGlobalSection
	GlobalSection(SolutionProperties) = preSolution
		HideSolutionNode = FALSE
	EndGlobalSection
	GlobalSection(ExtensibilityGlobals) = postSolution
		SolutionGuid = {BD081E21-E44B-4FD9-884E-5E4AB8782F09}
	EndGlobalSection
EndGlobal
